
Microsoft Visual Studio Solution File, Format Version 12.00
# Visual Studio Version 16
VisualStudioVersion = 16.0.31105.61
MinimumVisualStudioVersion = 10.0.40219.1
Project("{8BC9CEB8-8B4A-11D0-8D11-00A0C91BC942}") = "RationalTest", "RationalTest\RationalTest.vcxproj", "{8F9310CB-4187-4AF4-9779-1649F9CBDC50}"
EndProject
Project("{8BC9CEB8-8B4A-11D0-8D11-00A0C91BC942}") = "RationalPrintTest", "RationalPrintTest\RationalPrintTest.vcxproj", "{F91D5D43-608A-40D9-80D9-24A9ED426335}"
EndProject
Project("{8BC9CEB8-8B4A-11D0-8D11-00A0C91BC942}") = "RationalCalculator", "RationalCalculator\RationalCalculator.vcxproj", "{53DA0586-6A08-413B-9F80-322E9DF80252}"
EndProject
Global
	GlobalSection(SolutionConfigurationPlatforms) = preSolution
		Debug|x64 = Debug|x64
		Debug|x86 = Debug|x86
		Release|x64 = Release|x64
		Release|x86 = Release|x86
	EndGlobalSection
	GlobalSection(ProjectConfigurationPlatforms) = postSolution
		{8F9310CB-4187-4AF4-9779-1649F9CBDC50}.Debug|x64.ActiveCfg = Debug|x64
		{8F9310CB-4187-4AF4-9779-1649F9CBDC50}.Debug|x64.Build.0 = Debug|x64
		{8F9310CB-4187-4AF4-9779-1649F9CBDC50}.Debug|x86.ActiveCfg = Debug|Win32
		{8F9310CB-4187-4AF4-9779-1649F9CBDC50}.Debug|x86.Build.0 = Debug|Win32
		{8F9310CB-4187-4AF4-9779-1649F9CBDC50}.Release|x64.ActiveCfg = Release|x64
		{8F9310CB-4187-4AF4-9779-1649F9CBDC50}.Release|x64.Build.0 = Release|x64
		{8F9310CB-4187-4AF4-9779-1649F9CBDC50}.Release|x86.ActiveCfg = Release|Win32
		{8F9310CB-4187-4AF4-9779-1649F9CBDC50}.Release|x86.Build.0 = Release|Win32
		{F91D5D43-608A-40D9-80D9-24A9ED426335}.Debug|x64.ActiveCfg = Debug|x64
		{F91D5D43-608A-40D9-80D9-24A9ED426335}.Debug|x64.Build.0 = Debug|x64
		{F91D5D43-608A-40D9-80D9-24A9ED426335}.Debug|x86.ActiveCfg = Debug|Win32
		{F91D5D43-608A-40D9-80D9-24A9ED426335}.Debug|x86.Build.0 = Debug|Win32
		{F91D5D43-608A-40D9-80D9-24A9ED426335}.Release|x64.ActiveCfg = Release|x64
		{F91D5D43-608A-40D9-80D9-24A9ED426335}.Release|x64.Build.0 = Release|x64
		{F91D5D43-608A-40D9-80D9-24A9ED426335}.Release|x86.ActiveCfg = Release|Win32
		{F91D5D43-608A-40D9-80D9-24A9ED426335}.Release|x86.Build.0 = Release|Win32
		{53DA0586-6A08-413B-9F80-322E9DF80252}.Debug|x64.ActiveCfg = Debug|x64
		{53DA0586-6A08-413B-9F80-322E9DF80252}.Debug|x64.Build.0 = Debug|x64
		{53DA0586-6A08-413B-9F80-322E9DF80252}.Debug|x86.ActiveCfg = Debug|Win32
		{53DA0586-6A08-413B-9F80-322E9DF80252}.Debug|x86.Build.0 = Debug|Win32
		{53DA0586-6A08-413B-9F80-322E9DF80252}.Release|x64.ActiveCfg = Release|x64
		{53DA0586-6A08-413B-9F80-322E9DF80252}.Release|x64.Build.0 = Release|x64
		{53DA0586-6A08-413B-9F80-322E9DF80252}.Release|x86.ActiveCfg = Release|Win32
		{53DA0586-6A08-413B-9F80-322E9DF80252}.Release|x86.Build.0 = Release|Win32
	EndGlobalSection
	GlobalSection(SolutionProperties) = preSolution
		HideSolutionNode = FALSE
	EndGlobalSection
	GlobalSection(ExtensibilityGlobals) = postSolution
		SolutionGuid = {045BFA29-A9D2-4D79-A742-C14B3FBFCB73}
	EndGlobalSection
EndGlobal
